
Microsoft Visual Studio Solution File, Format Version 12.00
# Visual Studio Version 16
VisualStudioVersion = 16.0.28803.202
MinimumVisualStudioVersion = 10.0.40219.1
Project("{FAE04EC0-301F-11D3-BF4B-00C04F79EFBC}") = "WebAPI", "WebAPI\WebAPI.csproj", "{23376172-9C48-47FE-9A40-C7670F2D695E}"
EndProject
Global
	GlobalSection(SolutionConfigurationPlatforms) = preSolution
		Debug|Any CPU = Debug|Any CPU
		Release|Any CPU = Release|Any CPU
	EndGlobalSection
	GlobalSection(ProjectConfigurationPlatforms) = postSolution
		{23376172-9C48-47FE-9A40-C7670F2D695E}.Debug|Any CPU.ActiveCfg = Debug|Any CPU
		{23376172-9C48-47FE-9A40-C7670F2D695E}.Debug|Any CPU.Build.0 = Debug|Any CPU
		{23376172-9C48-47FE-9A40-C7670F2D695E}.Release|Any CPU.ActiveCfg = Release|Any CPU
		{23376172-9C48-47FE-9A40-C7670F2D695E}.Release|Any CPU.Build.0 = Release|Any CPU
	EndGlobalSection
	GlobalSection(SolutionProperties) = preSolution
		HideSolutionNode = FALSE
	EndGlobalSection
	GlobalSection(ExtensibilityGlobals) = postSolution
		SolutionGuid = {710FE744-642B-4D60-A6B4-3864B0051D05}
	EndGlobalSection
EndGlobal
